PODS:
  - Alamofire (3.4.1)

DEPENDENCIES:
  - Alamofire (from `https://github.com/Alamofire/Alamofire.git`, branch `swift3`)

EXTERNAL SOURCES:
  Alamofire:
    :branch: swift3
    :git: https://github.com/Alamofire/Alamofire.git

CHECKOUT OPTIONS:
  Alamofire:
    :commit: a94323c6e556d47408b6186c948324b040d7ffc8
    :git: https://github.com/Alamofire/Alamofire.git

SPEC CHECKSUMS:
  Alamofire: 01a82e2f6c0f860ade35534c8dd88be61bdef40c

PODFILE CHECKSUM: ae4ad4d676cf4d7e7e395331d467adb3b65b5f1a

COCOAPODS: 1.0.1
